
Microsoft Visual Studio Solution File, Format Version 12.00
# Visual Studio Version 16
VisualStudioVersion = 16.0.28917.182
MinimumVisualStudioVersion = 10.0.40219.1
Project("{9A19103F-16F7-4668-BE54-9A1E7A4F7556}") = "UAsset2Json", "UAsset2Json\UAsset2Json.csproj", "{CCAD71DF-FFCA-4750-9F7A-D14D31B2F03D}"
EndProject
Project("{9A19103F-16F7-4668-BE54-9A1E7A4F7556}") = "UAssetParser", "UAssetParser\UAssetParser.csproj", "{BE667EE0-1244-4BEF-A883-A2C499C8133D}"
EndProject
Global
	GlobalSection(SolutionConfigurationPlatforms) = preSolution
		Debug|Any CPU = Debug|Any CPU
		Release|Any CPU = Release|Any CPU
	EndGlobalSection
	GlobalSection(ProjectConfigurationPlatforms) = postSolution
		{CCAD71DF-FFCA-4750-9F7A-D14D31B2F03D}.Debug|Any CPU.ActiveCfg = Debug|Any CPU
		{CCAD71DF-FFCA-4750-9F7A-D14D31B2F03D}.Debug|Any CPU.Build.0 = Debug|Any CPU
		{CCAD71DF-FFCA-4750-9F7A-D14D31B2F03D}.Release|Any CPU.ActiveCfg = Release|Any CPU
		{CCAD71DF-FFCA-4750-9F7A-D14D31B2F03D}.Release|Any CPU.Build.0 = Release|Any CPU
		{BE667EE0-1244-4BEF-A883-A2C499C8133D}.Debug|Any CPU.ActiveCfg = Debug|Any CPU
		{BE667EE0-1244-4BEF-A883-A2C499C8133D}.Debug|Any CPU.Build.0 = Debug|Any CPU
		{BE667EE0-1244-4BEF-A883-A2C499C8133D}.Release|Any CPU.ActiveCfg = Release|Any CPU
		{BE667EE0-1244-4BEF-A883-A2C499C8133D}.Release|Any CPU.Build.0 = Release|Any CPU
	EndGlobalSection
	GlobalSection(SolutionProperties) = preSolution
		HideSolutionNode = FALSE
	EndGlobalSection
	GlobalSection(ExtensibilityGlobals) = postSolution
		SolutionGuid = {E04D838A-B11E-49E3-AD7F-53A537BE87C4}
	EndGlobalSection
EndGlobal
